
Microsoft Visual Studio Solution File, Format Version 12.00
# Visual Studio Version 16
VisualStudioVersion = 16.0.30621.155
MinimumVisualStudioVersion = 10.0.40219.1
Project("{FAE04EC0-301F-11D3-BF4B-00C04F79EFBC}") = "QLVT", "QLVT\QLVT.csproj", "{E36D3D2C-17F1-4BCC-A2E3-4A2C665F32B1}"
EndProject
Project("{F088123C-0E9E-452A-89E6-6BA2F21D5CAC}") = "DependencyValidation1", "DependencyValidation1\DependencyValidation1.modelproj", "{67C4729E-3450-48D1-8FCA-BD6C82FF7E85}"
EndProject
Global
	GlobalSection(SolutionConfigurationPlatforms) = preSolution
		Debug|Any CPU = Debug|Any CPU
		Release|Any CPU = Release|Any CPU
	EndGlobalSection
	GlobalSection(ProjectConfigurationPlatforms) = postSolution
		{E36D3D2C-17F1-4BCC-A2E3-4A2C665F32B1}.Debug|Any CPU.ActiveCfg = Debug|Any CPU
		{E36D3D2C-17F1-4BCC-A2E3-4A2C665F32B1}.Debug|Any CPU.Build.0 = Debug|Any CPU
		{E36D3D2C-17F1-4BCC-A2E3-4A2C665F32B1}.Release|Any CPU.ActiveCfg = Release|Any CPU
		{E36D3D2C-17F1-4BCC-A2E3-4A2C665F32B1}.Release|Any CPU.Build.0 = Release|Any CPU
		{67C4729E-3450-48D1-8FCA-BD6C82FF7E85}.Debug|Any CPU.ActiveCfg = Debug|Any CPU
		{67C4729E-3450-48D1-8FCA-BD6C82FF7E85}.Debug|Any CPU.Build.0 = Debug|Any CPU
		{67C4729E-3450-48D1-8FCA-BD6C82FF7E85}.Release|Any CPU.ActiveCfg = Release|Any CPU
		{67C4729E-3450-48D1-8FCA-BD6C82FF7E85}.Release|Any CPU.Build.0 = Release|Any CPU
	EndGlobalSection
	GlobalSection(SolutionProperties) = preSolution
		HideSolutionNode = FALSE
	EndGlobalSection
	GlobalSection(ExtensibilityGlobals) = postSolution
		SolutionGuid = {9E54F199-AF61-429E-A907-422A937C9EDE}
	EndGlobalSection
EndGlobal
